
Microsoft Visual Studio Solution File, Format Version 10.00
# Visual Studio 2008
Project("{8BC9CEB8-8B4A-11D0-8D11-00A0C91BC942}") = "4ha6EW2cru.Applicaton", "4ha6EW2cru.Application\4ha6EW2cru.Application.vcproj", "{AD4BF66A-BD18-4E12-AE35-2025E5190266}"
	ProjectSection(ProjectDependencies) = postProject
		{58D6A894-4481-4A63-9958-49AE9B3A83D3} = {58D6A894-4481-4A63-9958-49AE9B3A83D3}
	EndProjectSection
EndProject
Project("{8BC9CEB8-8B4A-11D0-8D11-00A0C91BC942}") = "4ha6EW2cru.Network", "4ha6EW2cru.Network\4ha6EW2cru.Network.vcproj", "{85449B0E-74BD-41FF-8921-4DD42AF837EF}"
EndProject
Project("{8BC9CEB8-8B4A-11D0-8D11-00A0C91BC942}") = "4ha6EW2cru.AI", "4ha6EW2cru.AI\4ha6EW2cru.AI.vcproj", "{402389EC-49BE-4A7B-A8C0-6593C8E0E1D2}"
EndProject
Project("{8BC9CEB8-8B4A-11D0-8D11-00A0C91BC942}") = "4ha6EW2cru.Animation", "4ha6EW2cru.Animation\4ha6EW2cru.Animation.vcproj", "{A88E1A6E-729F-451D-AD46-66C764A8EE9E}"
EndProject
Project("{8BC9CEB8-8B4A-11D0-8D11-00A0C91BC942}") = "4ha6EW2cru.Geometry", "4ha6EW2cru.Geometry\4ha6EW2cru.Geometry.vcproj", "{643FD76F-1A19-4168-B813-3B876F8AC900}"
EndProject
Project("{8BC9CEB8-8B4A-11D0-8D11-00A0C91BC942}") = "4ha6EW2cru.Input", "4ha6EW2cru.Input\4ha6EW2cru.Input.vcproj", "{CCBB2111-A4ED-48DF-9321-E022C519E38A}"
EndProject
Project("{8BC9CEB8-8B4A-11D0-8D11-00A0C91BC942}") = "4ha6EW2cru.Physics", "4ha6EW2cru.Physics\4ha6EW2cru.Physics.vcproj", "{537F634D-AF1C-48EE-9D18-EE69B61C3F24}"
EndProject
Project("{8BC9CEB8-8B4A-11D0-8D11-00A0C91BC942}") = "4ha6EW2cru.Renderer", "4ha6EW2cru.Renderer\4ha6EW2cru.Renderer.vcproj", "{29BDC832-1CA6-43C0-B0D1-2908EFBB057B}"
EndProject
Project("{8BC9CEB8-8B4A-11D0-8D11-00A0C91BC942}") = "4ha6EW2cru.Script", "4ha6EW2cru.Script\4ha6EW2cru.Script.vcproj", "{4C8A052A-E490-46DC-90AC-B70605128E5C}"
EndProject
Project("{8BC9CEB8-8B4A-11D0-8D11-00A0C91BC942}") = "4ha6EW2cru.Sound", "4ha6EW2cru.Sound\4ha6EW2cru.Sound.vcproj", "{829F3961-5773-40CB-839F-211B75C81D39}"
EndProject
Project("{8BC9CEB8-8B4A-11D0-8D11-00A0C91BC942}") = "4ha6EW2cru.UX", "4ha6EW2cru.UX\4ha6EW2cru.UX.vcproj", "{BDC25B19-F2FC-4F40-8395-8BC7AB10B326}"
EndProject
Project("{8BC9CEB8-8B4A-11D0-8D11-00A0C91BC942}") = "4ha6EW2cru.System", "4ha6EW2cru.System\4ha6EW2cru.System.vcproj", "{58D6A894-4481-4A63-9958-49AE9B3A83D3}"
EndProject
Project("{2150E333-8FDC-42A3-9474-1A3956D46DE8}") = "Engine", "Engine", "{19295AF3-88BF-4930-86BB-314EDC089C42}"
EndProject
Project("{2150E333-8FDC-42A3-9474-1A3956D46DE8}") = "Executables", "Executables", "{C695EEDE-9670-4060-9842-EB7C9ED941D4}"
EndProject
Project("{2150E333-8FDC-42A3-9474-1A3956D46DE8}") = "Tests", "Tests", "{FF7E4F8A-3459-4361-BD09-A9147E2EE635}"
EndProject
Project("{8BC9CEB8-8B4A-11D0-8D11-00A0C91BC942}") = "4ha6EW2cru.Network.Tests", "4ha6EW2cru.Network.Tests\4ha6EW2cru.Network.Tests.vcproj", "{9495C818-BC97-4D4A-AD96-53463ED425D5}"
EndProject
Project("{8BC9CEB8-8B4A-11D0-8D11-00A0C91BC942}") = "4ha6EW2cru.System.Tests", "4ha6EW2cru.System.Tests\4ha6EW2cru.System.Tests.vcproj", "{D07A629D-130E-41EE-B513-7268A926BD6B}"
EndProject
Project("{8BC9CEB8-8B4A-11D0-8D11-00A0C91BC942}") = "4ha6EW2cru.Geometry.Tests", "4ha6EW2cru.Geometry.Tests\4ha6EW2cru.Geometry.Tests.vcproj", "{84CC768A-3B8E-4B15-B601-44B948EE90DA}"
EndProject
Project("{8BC9CEB8-8B4A-11D0-8D11-00A0C91BC942}") = "4ha6EW2cru.Sound.Tests", "4ha6EW2cru.Sound.Tests\4ha6EW2cru.Sound.Tests.vcproj", "{523E99AA-688B-4B2A-99FA-B0D1B77B33CE}"
EndProject
Project("{8BC9CEB8-8B4A-11D0-8D11-00A0C91BC942}") = "4ha6EW2cru.Script.Tests", "4ha6EW2cru.Script.Tests\4ha6EW2cru.Script.Tests.vcproj", "{DDF43841-8AF4-47E8-83E3-57F16703F1BB}"
EndProject
Project("{8BC9CEB8-8B4A-11D0-8D11-00A0C91BC942}") = "4ha6EW2cru.UX.Tests", "4ha6EW2cru.UX.Tests\4ha6EW2cru.UX.Tests.vcproj", "{4408A9B4-BA4F-4FB1-85FC-CCB30CC7C367}"
EndProject
Global
	GlobalSection(SolutionConfigurationPlatforms) = preSolution
		Debug|Win32 = Debug|Win32
		Release|Win32 = Release|Win32
	EndGlobalSection
	GlobalSection(ProjectConfigurationPlatforms) = postSolution
		{AD4BF66A-BD18-4E12-AE35-2025E5190266}.Debug|Win32.ActiveCfg = Debug|Win32
		{AD4BF66A-BD18-4E12-AE35-2025E5190266}.Debug|Win32.Build.0 = Debug|Win32
		{AD4BF66A-BD18-4E12-AE35-2025E5190266}.Release|Win32.ActiveCfg = Release|Win32
		{AD4BF66A-BD18-4E12-AE35-2025E5190266}.Release|Win32.Build.0 = Release|Win32
		{85449B0E-74BD-41FF-8921-4DD42AF837EF}.Debug|Win32.ActiveCfg = Debug|Win32
		{85449B0E-74BD-41FF-8921-4DD42AF837EF}.Debug|Win32.Build.0 = Debug|Win32
		{85449B0E-74BD-41FF-8921-4DD42AF837EF}.Release|Win32.ActiveCfg = Release|Win32
		{85449B0E-74BD-41FF-8921-4DD42AF837EF}.Release|Win32.Build.0 = Release|Win32
		{402389EC-49BE-4A7B-A8C0-6593C8E0E1D2}.Debug|Win32.ActiveCfg = Debug|Win32
		{402389EC-49BE-4A7B-A8C0-6593C8E0E1D2}.Debug|Win32.Build.0 = Debug|Win32
		{402389EC-49BE-4A7B-A8C0-6593C8E0E1D2}.Release|Win32.ActiveCfg = Release|Win32
		{402389EC-49BE-4A7B-A8C0-6593C8E0E1D2}.Release|Win32.Build.0 = Release|Win32
		{A88E1A6E-729F-451D-AD46-66C764A8EE9E}.Debug|Win32.ActiveCfg = Debug|Win32
		{A88E1A6E-729F-451D-AD46-66C764A8EE9E}.Debug|Win32.Build.0 = Debug|Win32
		{A88E1A6E-729F-451D-AD46-66C764A8EE9E}.Release|Win32.ActiveCfg = Release|Win32
		{A88E1A6E-729F-451D-AD46-66C764A8EE9E}.Release|Win32.Build.0 = Release|Win32
		{643FD76F-1A19-4168-B813-3B876F8AC900}.Debug|Win32.ActiveCfg = Debug|Win32
		{643FD76F-1A19-4168-B813-3B876F8AC900}.Debug|Win32.Build.0 = Debug|Win32
		{643FD76F-1A19-4168-B813-3B876F8AC900}.Release|Win32.ActiveCfg = Release|Win32
		{643FD76F-1A19-4168-B813-3B876F8AC900}.Release|Win32.Build.0 = Release|Win32
		{CCBB2111-A4ED-48DF-9321-E022C519E38A}.Debug|Win32.ActiveCfg = Debug|Win32
		{CCBB2111-A4ED-48DF-9321-E022C519E38A}.Debug|Win32.Build.0 = Debug|Win32
		{CCBB2111-A4ED-48DF-9321-E022C519E38A}.Release|Win32.ActiveCfg = Release|Win32
		{CCBB2111-A4ED-48DF-9321-E022C519E38A}.Release|Win32.Build.0 = Release|Win32
		{537F634D-AF1C-48EE-9D18-EE69B61C3F24}.Debug|Win32.ActiveCfg = Debug|Win32
		{537F634D-AF1C-48EE-9D18-EE69B61C3F24}.Debug|Win32.Build.0 = Debug|Win32
		{537F634D-AF1C-48EE-9D18-EE69B61C3F24}.Release|Win32.ActiveCfg = Release|Win32
		{537F634D-AF1C-48EE-9D18-EE69B61C3F24}.Release|Win32.Build.0 = Release|Win32
		{29BDC832-1CA6-43C0-B0D1-2908EFBB057B}.Debug|Win32.ActiveCfg = Debug|Win32
		{29BDC832-1CA6-43C0-B0D1-2908EFBB057B}.Debug|Win32.Build.0 = Debug|Win32
		{29BDC832-1CA6-43C0-B0D1-2908EFBB057B}.Release|Win32.ActiveCfg = Release|Win32
		{29BDC832-1CA6-43C0-B0D1-2908EFBB057B}.Release|Win32.Build.0 = Release|Win32
		{4C8A052A-E490-46DC-90AC-B70605128E5C}.Debug|Win32.ActiveCfg = Debug|Win32
		{4C8A052A-E490-46DC-90AC-B70605128E5C}.Debug|Win32.Build.0 = Debug|Win32
		{4C8A052A-E490-46DC-90AC-B70605128E5C}.Release|Win32.ActiveCfg = Release|Win32
		{4C8A052A-E490-46DC-90AC-B70605128E5C}.Release|Win32.Build.0 = Release|Win32
		{829F3961-5773-40CB-839F-211B75C81D39}.Debug|Win32.ActiveCfg = Debug|Win32
		{829F3961-5773-40CB-839F-211B75C81D39}.Debug|Win32.Build.0 = Debug|Win32
		{829F3961-5773-40CB-839F-211B75C81D39}.Release|Win32.ActiveCfg = Release|Win32
		{829F3961-5773-40CB-839F-211B75C81D39}.Release|Win32.Build.0 = Release|Win32
		{BDC25B19-F2FC-4F40-8395-8BC7AB10B326}.Debug|Win32.ActiveCfg = Debug|Win32
		{BDC25B19-F2FC-4F40-8395-8BC7AB10B326}.Debug|Win32.Build.0 = Debug|Win32
		{BDC25B19-F2FC-4F40-8395-8BC7AB10B326}.Release|Win32.ActiveCfg = Release|Win32
		{BDC25B19-F2FC-4F40-8395-8BC7AB10B326}.Release|Win32.Build.0 = Release|Win32
		{58D6A894-4481-4A63-9958-49AE9B3A83D3}.Debug|Win32.ActiveCfg = Debug|Win32
		{58D6A894-4481-4A63-9958-49AE9B3A83D3}.Debug|Win32.Build.0 = Debug|Win32
		{58D6A894-4481-4A63-9958-49AE9B3A83D3}.Release|Win32.ActiveCfg = Release|Win32
		{58D6A894-4481-4A63-9958-49AE9B3A83D3}.Release|Win32.Build.0 = Release|Win32
		{9495C818-BC97-4D4A-AD96-53463ED425D5}.Debug|Win32.ActiveCfg = Debug|Win32
		{9495C818-BC97-4D4A-AD96-53463ED425D5}.Debug|Win32.Build.0 = Debug|Win32
		{9495C818-BC97-4D4A-AD96-53463ED425D5}.Release|Win32.ActiveCfg = Release|Win32
		{9495C818-BC97-4D4A-AD96-53463ED425D5}.Release|Win32.Build.0 = Release|Win32
		{D07A629D-130E-41EE-B513-7268A926BD6B}.Debug|Win32.ActiveCfg = Debug|Win32
		{D07A629D-130E-41EE-B513-7268A926BD6B}.Debug|Win32.Build.0 = Debug|Win32
		{D07A629D-130E-41EE-B513-7268A926BD6B}.Release|Win32.ActiveCfg = Release|Win32
		{D07A629D-130E-41EE-B513-7268A926BD6B}.Release|Win32.Build.0 = Release|Win32
		{84CC768A-3B8E-4B15-B601-44B948EE90DA}.Debug|Win32.ActiveCfg = Debug|Win32
		{84CC768A-3B8E-4B15-B601-44B948EE90DA}.Debug|Win32.Build.0 = Debug|Win32
		{84CC768A-3B8E-4B15-B601-44B948EE90DA}.Release|Win32.ActiveCfg = Release|Win32
		{84CC768A-3B8E-4B15-B601-44B948EE90DA}.Release|Win32.Build.0 = Release|Win32
		{523E99AA-688B-4B2A-99FA-B0D1B77B33CE}.Debug|Win32.ActiveCfg = Debug|Win32
		{523E99AA-688B-4B2A-99FA-B0D1B77B33CE}.Debug|Win32.Build.0 = Debug|Win32
		{523E99AA-688B-4B2A-99FA-B0D1B77B33CE}.Release|Win32.ActiveCfg = Release|Win32
		{523E99AA-688B-4B2A-99FA-B0D1B77B33CE}.Release|Win32.Build.0 = Release|Win32
		{DDF43841-8AF4-47E8-83E3-57F16703F1BB}.Debug|Win32.ActiveCfg = Debug|Win32
		{DDF43841-8AF4-47E8-83E3-57F16703F1BB}.Debug|Win32.Build.0 = Debug|Win32
		{DDF43841-8AF4-47E8-83E3-57F16703F1BB}.Release|Win32.ActiveCfg = Release|Win32
		{DDF43841-8AF4-47E8-83E3-57F16703F1BB}.Release|Win32.Build.0 = Release|Win32
		{4408A9B4-BA4F-4FB1-85FC-CCB30CC7C367}.Debug|Win32.ActiveCfg = Debug|Win32
		{4408A9B4-BA4F-4FB1-85FC-CCB30CC7C367}.Debug|Win32.Build.0 = Debug|Win32
		{4408A9B4-BA4F-4FB1-85FC-CCB30CC7C367}.Release|Win32.ActiveCfg = Release|Win32
		{4408A9B4-BA4F-4FB1-85FC-CCB30CC7C367}.Release|Win32.Build.0 = Release|Win32
	EndGlobalSection
	GlobalSection(SolutionProperties) = preSolution
		HideSolutionNode = FALSE
	EndGlobalSection
	GlobalSection(NestedProjects) = preSolution
		{AD4BF66A-BD18-4E12-AE35-2025E5190266} = {C695EEDE-9670-4060-9842-EB7C9ED941D4}
		{402389EC-49BE-4A7B-A8C0-6593C8E0E1D2} = {19295AF3-88BF-4930-86BB-314EDC089C42}
		{A88E1A6E-729F-451D-AD46-66C764A8EE9E} = {19295AF3-88BF-4930-86BB-314EDC089C42}
		{643FD76F-1A19-4168-B813-3B876F8AC900} = {19295AF3-88BF-4930-86BB-314EDC089C42}
		{CCBB2111-A4ED-48DF-9321-E022C519E38A} = {19295AF3-88BF-4930-86BB-314EDC089C42}
		{537F634D-AF1C-48EE-9D18-EE69B61C3F24} = {19295AF3-88BF-4930-86BB-314EDC089C42}
		{29BDC832-1CA6-43C0-B0D1-2908EFBB057B} = {19295AF3-88BF-4930-86BB-314EDC089C42}
		{4C8A052A-E490-46DC-90AC-B70605128E5C} = {19295AF3-88BF-4930-86BB-314EDC089C42}
		{829F3961-5773-40CB-839F-211B75C81D39} = {19295AF3-88BF-4930-86BB-314EDC089C42}
		{BDC25B19-F2FC-4F40-8395-8BC7AB10B326} = {19295AF3-88BF-4930-86BB-314EDC089C42}
		{58D6A894-4481-4A63-9958-49AE9B3A83D3} = {19295AF3-88BF-4930-86BB-314EDC089C42}
		{85449B0E-74BD-41FF-8921-4DD42AF837EF} = {19295AF3-88BF-4930-86BB-314EDC089C42}
		{9495C818-BC97-4D4A-AD96-53463ED425D5} = {FF7E4F8A-3459-4361-BD09-A9147E2EE635}
		{D07A629D-130E-41EE-B513-7268A926BD6B} = {FF7E4F8A-3459-4361-BD09-A9147E2EE635}
		{84CC768A-3B8E-4B15-B601-44B948EE90DA} = {FF7E4F8A-3459-4361-BD09-A9147E2EE635}
		{523E99AA-688B-4B2A-99FA-B0D1B77B33CE} = {FF7E4F8A-3459-4361-BD09-A9147E2EE635}
		{DDF43841-8AF4-47E8-83E3-57F16703F1BB} = {FF7E4F8A-3459-4361-BD09-A9147E2EE635}
		{4408A9B4-BA4F-4FB1-85FC-CCB30CC7C367} = {FF7E4F8A-3459-4361-BD09-A9147E2EE635}
	EndGlobalSection
EndGlobal
